// !$*UTF8*$!
{
	archiveVersion = 1;
	classes = {
	};
	objectVersion = 55;
	objects = {

/* Begin PBXBuildFile section */
		180771CD28C4A82800BB396C /* PokemonListViewControllerTests.swift in Sources */ = {isa = PBXBuildFile; fileRef = 180771CA28C4A82800BB396C /* PokemonListViewControllerTests.swift */; };
		180771CE28C4A82800BB396C /* PokemonListPresenterTests.swift in Sources */ = {isa = PBXBuildFile; fileRef = 180771CB28C4A82800BB396C /* PokemonListPresenterTests.swift */; };
		180771CF28C4A82800BB396C /* PokemonListInteractorTests.swift in Sources */ = {isa = PBXBuildFile; fileRef = 180771CC28C4A82800BB396C /* PokemonListInteractorTests.swift */; };
		1814E2F028C33E70003E9783 /* AppDelegate.swift in Sources */ = {isa = PBXBuildFile; fileRef = 1814E2EF28C33E70003E9783 /* AppDelegate.swift */; };
		1814E2F228C33E70003E9783 /* SceneDelegate.swift in Sources */ = {isa = PBXBuildFile; fileRef = 1814E2F128C33E70003E9783 /* SceneDelegate.swift */; };
		1814E2F728C33E70003E9783 /* Main.storyboard in Resources */ = {isa = PBXBuildFile; fileRef = 1814E2F528C33E70003E9783 /* Main.storyboard */; };
		1814E2F928C33E75003E9783 /* Assets.xcassets in Resources */ = {isa = PBXBuildFile; fileRef = 1814E2F828C33E75003E9783 /* Assets.xcassets */; };
		1814E2FC28C33E75003E9783 /* LaunchScreen.storyboard in Resources */ = {isa = PBXBuildFile; fileRef = 1814E2FA28C33E75003E9783 /* LaunchScreen.storyboard */; };
		18404A9828C74673006913F6 /* PokemonDetailsRouter.swift in Sources */ = {isa = PBXBuildFile; fileRef = 18404A9728C74673006913F6 /* PokemonDetailsRouter.swift */; };
		18404A9B28C746CE006913F6 /* PokemonListCollectionViewCellTests.swift in Sources */ = {isa = PBXBuildFile; fileRef = 18404A9A28C746CE006913F6 /* PokemonListCollectionViewCellTests.swift */; };
		18404A9C28C74DE8006913F6 /* PokemonDetailsRouter.swift in Sources */ = {isa = PBXBuildFile; fileRef = 18404A9728C74673006913F6 /* PokemonDetailsRouter.swift */; };
		188101C828C3540300C5F661 /* NetworkHttpClient.swift in Sources */ = {isa = PBXBuildFile; fileRef = 188101C728C3540300C5F661 /* NetworkHttpClient.swift */; };
		188101C928C3540300C5F661 /* NetworkHttpClient.swift in Sources */ = {isa = PBXBuildFile; fileRef = 188101C728C3540300C5F661 /* NetworkHttpClient.swift */; };
		188101CC28C357F100C5F661 /* AlertViewController.swift in Sources */ = {isa = PBXBuildFile; fileRef = 188101CB28C357F100C5F661 /* AlertViewController.swift */; };
		188101CD28C357F100C5F661 /* AlertViewController.swift in Sources */ = {isa = PBXBuildFile; fileRef = 188101CB28C357F100C5F661 /* AlertViewController.swift */; };
		188101CF28C3599400C5F661 /* CommonExtension.swift in Sources */ = {isa = PBXBuildFile; fileRef = 188101CE28C3599400C5F661 /* CommonExtension.swift */; };
		188101D028C3599400C5F661 /* CommonExtension.swift in Sources */ = {isa = PBXBuildFile; fileRef = 188101CE28C3599400C5F661 /* CommonExtension.swift */; };
		188101DC28C35E9C00C5F661 /* PokemonListCollectionViewCell.swift in Sources */ = {isa = PBXBuildFile; fileRef = 188101D528C35E9C00C5F661 /* PokemonListCollectionViewCell.swift */; };
		188101DD28C35E9C00C5F661 /* PokemonListCollectionViewCell.swift in Sources */ = {isa = PBXBuildFile; fileRef = 188101D528C35E9C00C5F661 /* PokemonListCollectionViewCell.swift */; };
		188101DE28C35E9C00C5F661 /* PokemonListInteractor.swift in Sources */ = {isa = PBXBuildFile; fileRef = 188101D628C35E9C00C5F661 /* PokemonListInteractor.swift */; };
		188101DF28C35E9C00C5F661 /* PokemonListInteractor.swift in Sources */ = {isa = PBXBuildFile; fileRef = 188101D628C35E9C00C5F661 /* PokemonListInteractor.swift */; };
		188101E028C35E9C00C5F661 /* PokemonListRouter.swift in Sources */ = {isa = PBXBuildFile; fileRef = 188101D728C35E9C00C5F661 /* PokemonListRouter.swift */; };
		188101E128C35E9C00C5F661 /* PokemonListRouter.swift in Sources */ = {isa = PBXBuildFile; fileRef = 188101D728C35E9C00C5F661 /* PokemonListRouter.swift */; };
		188101E228C35E9C00C5F661 /* PokemonListPresenter.swift in Sources */ = {isa = PBXBuildFile; fileRef = 188101D828C35E9C00C5F661 /* PokemonListPresenter.swift */; };
		188101E328C35E9C00C5F661 /* PokemonListPresenter.swift in Sources */ = {isa = PBXBuildFile; fileRef = 188101D828C35E9C00C5F661 /* PokemonListPresenter.swift */; };
		188101E428C35E9C00C5F661 /* PokemonListWorker.swift in Sources */ = {isa = PBXBuildFile; fileRef = 188101D928C35E9C00C5F661 /* PokemonListWorker.swift */; };
		188101E528C35E9C00C5F661 /* PokemonListWorker.swift in Sources */ = {isa = PBXBuildFile; fileRef = 188101D928C35E9C00C5F661 /* PokemonListWorker.swift */; };
		188101E628C35E9C00C5F661 /* PokemonListViewController.swift in Sources */ = {isa = PBXBuildFile; fileRef = 188101DA28C35E9C00C5F661 /* PokemonListViewController.swift */; };
		188101E728C35E9C00C5F661 /* PokemonListViewController.swift in Sources */ = {isa = PBXBuildFile; fileRef = 188101DA28C35E9C00C5F661 /* PokemonListViewController.swift */; };
		188101E828C35E9C00C5F661 /* PokemonListModels.swift in Sources */ = {isa = PBXBuildFile; fileRef = 188101DB28C35E9C00C5F661 /* PokemonListModels.swift */; };
		188101E928C35E9C00C5F661 /* PokemonListModels.swift in Sources */ = {isa = PBXBuildFile; fileRef = 188101DB28C35E9C00C5F661 /* PokemonListModels.swift */; };
		188101EE28C35FA300C5F661 /* PokemonDetailsViewController.swift in Sources */ = {isa = PBXBuildFile; fileRef = 188101EB28C35FA300C5F661 /* PokemonDetailsViewController.swift */; };
		188101EF28C35FA300C5F661 /* PokemonDetailsViewController.swift in Sources */ = {isa = PBXBuildFile; fileRef = 188101EB28C35FA300C5F661 /* PokemonDetailsViewController.swift */; };
		188101F028C35FA300C5F661 /* PokemonDetailsInteractor.swift in Sources */ = {isa = PBXBuildFile; fileRef = 188101EC28C35FA300C5F661 /* PokemonDetailsInteractor.swift */; };
		188101F128C35FA300C5F661 /* PokemonDetailsInteractor.swift in Sources */ = {isa = PBXBuildFile; fileRef = 188101EC28C35FA300C5F661 /* PokemonDetailsInteractor.swift */; };
		18DA1C8828C5CFAA002906D8 /* Main.storyboard in Resources */ = {isa = PBXBuildFile; fileRef = 1814E2F528C33E70003E9783 /* Main.storyboard */; };
		18DA1C9428C6059F002906D8 /* PokemonDetailsPresenter.swift in Sources */ = {isa = PBXBuildFile; fileRef = 18DA1C9328C6059F002906D8 /* PokemonDetailsPresenter.swift */; };
		18DA1C9528C605A0002906D8 /* PokemonDetailsPresenter.swift in Sources */ = {isa = PBXBuildFile; fileRef = 18DA1C9328C6059F002906D8 /* PokemonDetailsPresenter.swift */; };
		18DA1C9A28C60EA5002906D8 /* PokemonDetailsViewControllerTests.swift in Sources */ = {isa = PBXBuildFile; fileRef = 18DA1C9628C60EA4002906D8 /* PokemonDetailsViewControllerTests.swift */; };
		18DA1C9C28C60EA5002906D8 /* PokemonDetailsPresenterTests.swift in Sources */ = {isa = PBXBuildFile; fileRef = 18DA1C9728C60EA4002906D8 /* PokemonDetailsPresenterTests.swift */; };
		18DA1C9E28C60EA5002906D8 /* PokemonDetailsInteractorTests.swift in Sources */ = {isa = PBXBuildFile; fileRef = 18DA1C9828C60EA4002906D8 /* PokemonDetailsInteractorTests.swift */; };
		C73E96EF6C40CBCDDE3493C3 /* Pods_Pokemon.framework in Frameworks */ = {isa = PBXBuildFile; fileRef = A9CF6948EBC138A5CAAE8B76 /* Pods_Pokemon.framework */; };
		F073B0629D4E54ABAD3D32F1 /* Pods_PokemonTests.framework in Frameworks */ = {isa = PBXBuildFile; fileRef = 8B4249CE27FA07BFA32C155F /* Pods_PokemonTests.framework */; };
/* End PBXBuildFile section */

/* Begin PBXContainerItemProxy section */
		1814E30328C33E76003E9783 /* PBXContainerItemProxy */ = {
			isa = PBXContainerItemProxy;
			containerPortal = 1814E2E428C33E70003E9783 /* Project object */;
			proxyType = 1;
			remoteGlobalIDString = 1814E2EB28C33E70003E9783;
			remoteInfo = Pokemon;
		};
/* End PBXContainerItemProxy section */

/* Begin PBXFileReference section */
		180771CA28C4A82800BB396C /* PokemonListViewControllerTests.swift */ = {isa = PBXFileReference; fileEncoding = 4; lastKnownFileType = sourcecode.swift; path = PokemonListViewControllerTests.swift; sourceTree = "<group>"; };
		180771CB28C4A82800BB396C /* PokemonListPresenterTests.swift */ = {isa = PBXFileReference; fileEncoding = 4; lastKnownFileType = sourcecode.swift; path = PokemonListPresenterTests.swift; sourceTree = "<group>"; };
		180771CC28C4A82800BB396C /* PokemonListInteractorTests.swift */ = {isa = PBXFileReference; fileEncoding = 4; lastKnownFileType = sourcecode.swift; path = PokemonListInteractorTests.swift; sourceTree = "<group>"; };
		1814E2EC28C33E70003E9783 /* Pokemon.app */ = {isa = PBXFileReference; explicitFileType = wrapper.application; includeInIndex = 0; path = Pokemon.app; sourceTree = BUILT_PRODUCTS_DIR; };
		1814E2EF28C33E70003E9783 /* AppDelegate.swift */ = {isa = PBXFileReference; lastKnownFileType = sourcecode.swift; path = AppDelegate.swift; sourceTree = "<group>"; };
		1814E2F128C33E70003E9783 /* SceneDelegate.swift */ = {isa = PBXFileReference; lastKnownFileType = sourcecode.swift; path = SceneDelegate.swift; sourceTree = "<group>"; };
		1814E2F628C33E70003E9783 /* Base */ = {isa = PBXFileReference; lastKnownFileType = file.storyboard; name = Base; path = Base.lproj/Main.storyboard; sourceTree = "<group>"; };
		1814E2F828C33E75003E9783 /* Assets.xcassets */ = {isa = PBXFileReference; lastKnownFileType = folder.assetcatalog; path = Assets.xcassets; sourceTree = "<group>"; };
		1814E2FB28C33E75003E9783 /* Base */ = {isa = PBXFileReference; lastKnownFileType = file.storyboard; name = Base; path = Base.lproj/LaunchScreen.storyboard; sourceTree = "<group>"; };
		1814E2FD28C33E75003E9783 /* Info.plist */ = {isa = PBXFileReference; lastKnownFileType = text.plist.xml; path = Info.plist; sourceTree = "<group>"; };
		1814E30228C33E76003E9783 /* PokemonTests.xctest */ = {isa = PBXFileReference; explicitFileType = wrapper.cfbundle; includeInIndex = 0; path = PokemonTests.xctest; sourceTree = BUILT_PRODUCTS_DIR; };
		18404A9728C74673006913F6 /* PokemonDetailsRouter.swift */ = {isa = PBXFileReference; fileEncoding = 4; lastKnownFileType = sourcecode.swift; path = PokemonDetailsRouter.swift; sourceTree = "<group>"; };
		18404A9A28C746CE006913F6 /* PokemonListCollectionViewCellTests.swift */ = {isa = PBXFileReference; lastKnownFileType = sourcecode.swift; path = PokemonListCollectionViewCellTests.swift; sourceTree = "<group>"; };
		188101C728C3540300C5F661 /* NetworkHttpClient.swift */ = {isa = PBXFileReference; lastKnownFileType = sourcecode.swift; path = NetworkHttpClient.swift; sourceTree = "<group>"; };
		188101CB28C357F100C5F661 /* AlertViewController.swift */ = {isa = PBXFileReference; lastKnownFileType = sourcecode.swift; path = AlertViewController.swift; sourceTree = "<group>"; };
		188101CE28C3599400C5F661 /* CommonExtension.swift */ = {isa = PBXFileReference; lastKnownFileType = sourcecode.swift; path = CommonExtension.swift; sourceTree = "<group>"; };
		188101D528C35E9C00C5F661 /* PokemonListCollectionViewCell.swift */ = {isa = PBXFileReference; fileEncoding = 4; lastKnownFileType = sourcecode.swift; path = PokemonListCollectionViewCell.swift; sourceTree = "<group>"; };
		188101D628C35E9C00C5F661 /* PokemonListInteractor.swift */ = {isa = PBXFileReference; fileEncoding = 4; lastKnownFileType = sourcecode.swift; path = PokemonListInteractor.swift; sourceTree = "<group>"; };
		188101D728C35E9C00C5F661 /* PokemonListRouter.swift */ = {isa = PBXFileReference; fileEncoding = 4; lastKnownFileType = sourcecode.swift; path = PokemonListRouter.swift; sourceTree = "<group>"; };
		188101D828C35E9C00C5F661 /* PokemonListPresenter.swift */ = {isa = PBXFileReference; fileEncoding = 4; lastKnownFileType = sourcecode.swift; path = PokemonListPresenter.swift; sourceTree = "<group>"; };
		188101D928C35E9C00C5F661 /* PokemonListWorker.swift */ = {isa = PBXFileReference; fileEncoding = 4; lastKnownFileType = sourcecode.swift; path = PokemonListWorker.swift; sourceTree = "<group>"; };
		188101DA28C35E9C00C5F661 /* PokemonListViewController.swift */ = {isa = PBXFileReference; fileEncoding = 4; lastKnownFileType = sourcecode.swift; path = PokemonListViewController.swift; sourceTree = "<group>"; };
		188101DB28C35E9C00C5F661 /* PokemonListModels.swift */ = {isa = PBXFileReference; fileEncoding = 4; lastKnownFileType = sourcecode.swift; path = PokemonListModels.swift; sourceTree = "<group>"; };
		188101EB28C35FA300C5F661 /* PokemonDetailsViewController.swift */ = {isa = PBXFileReference; fileEncoding = 4; lastKnownFileType = sourcecode.swift; path = PokemonDetailsViewController.swift; sourceTree = "<group>"; };
		188101EC28C35FA300C5F661 /* PokemonDetailsInteractor.swift */ = {isa = PBXFileReference; fileEncoding = 4; lastKnownFileType = sourcecode.swift; path = PokemonDetailsInteractor.swift; sourceTree = "<group>"; };
		18DA1C9328C6059F002906D8 /* PokemonDetailsPresenter.swift */ = {isa = PBXFileReference; lastKnownFileType = sourcecode.swift; path = PokemonDetailsPresenter.swift; sourceTree = "<group>"; };
		18DA1C9628C60EA4002906D8 /* PokemonDetailsViewControllerTests.swift */ = {isa = PBXFileReference; fileEncoding = 4; lastKnownFileType = sourcecode.swift; path = PokemonDetailsViewControllerTests.swift; sourceTree = "<group>"; };
		18DA1C9728C60EA4002906D8 /* PokemonDetailsPresenterTests.swift */ = {isa = PBXFileReference; fileEncoding = 4; lastKnownFileType = sourcecode.swift; path = PokemonDetailsPresenterTests.swift; sourceTree = "<group>"; };
		18DA1C9828C60EA4002906D8 /* PokemonDetailsInteractorTests.swift */ = {isa = PBXFileReference; fileEncoding = 4; lastKnownFileType = sourcecode.swift; path = PokemonDetailsInteractorTests.swift; sourceTree = "<group>"; };
		1E2273E4790E2790327CFF6B /* Pods_Pokemon_PokemonUITests.framework */ = {isa = PBXFileReference; explicitFileType = wrapper.framework; includeInIndex = 0; path = Pods_Pokemon_PokemonUITests.framework; sourceTree = BUILT_PRODUCTS_DIR; };
		253D14C36725C478A365D06E /* Pods-Pokemon-PokemonUITests.release.xcconfig */ = {isa = PBXFileReference; includeInIndex = 1; lastKnownFileType = text.xcconfig; name = "Pods-Pokemon-PokemonUITests.release.xcconfig"; path = "Target Support Files/Pods-Pokemon-PokemonUITests/Pods-Pokemon-PokemonUITests.release.xcconfig"; sourceTree = "<group>"; };
		672175C1EEC92EE675270761 /* Pods-Pokemon.debug.xcconfig */ = {isa = PBXFileReference; includeInIndex = 1; lastKnownFileType = text.xcconfig; name = "Pods-Pokemon.debug.xcconfig"; path = "Target Support Files/Pods-Pokemon/Pods-Pokemon.debug.xcconfig"; sourceTree = "<group>"; };
		7384260CF19DD95354E771FC /* Pods-Pokemon-PokemonUITests.debug.xcconfig */ = {isa = PBXFileReference; includeInIndex = 1; lastKnownFileType = text.xcconfig; name = "Pods-Pokemon-PokemonUITests.debug.xcconfig"; path = "Target Support Files/Pods-Pokemon-PokemonUITests/Pods-Pokemon-PokemonUITests.debug.xcconfig"; sourceTree = "<group>"; };
		8B4249CE27FA07BFA32C155F /* Pods_PokemonTests.framework */ = {isa = PBXFileReference; explicitFileType = wrapper.framework; includeInIndex = 0; path = Pods_PokemonTests.framework; sourceTree = BUILT_PRODUCTS_DIR; };
		9167B906239BA05786BF6A30 /* Pods-PokemonTests.release.xcconfig */ = {isa = PBXFileReference; includeInIndex = 1; lastKnownFileType = text.xcconfig; name = "Pods-PokemonTests.release.xcconfig"; path = "Target Support Files/Pods-PokemonTests/Pods-PokemonTests.release.xcconfig"; sourceTree = "<group>"; };
		A9CF6948EBC138A5CAAE8B76 /* Pods_Pokemon.framework */ = {isa = PBXFileReference; explicitFileType = wrapper.framework; includeInIndex = 0; path = Pods_Pokemon.framework; sourceTree = BUILT_PRODUCTS_DIR; };
		AE3116C6B7FB1A47A968F448 /* Pods-Pokemon.release.xcconfig */ = {isa = PBXFileReference; includeInIndex = 1; lastKnownFileType = text.xcconfig; name = "Pods-Pokemon.release.xcconfig"; path = "Target Support Files/Pods-Pokemon/Pods-Pokemon.release.xcconfig"; sourceTree = "<group>"; };
		CF964211688FAB92127EA4F5 /* Pods-PokemonTests.debug.xcconfig */ = {isa = PBXFileReference; includeInIndex = 1; lastKnownFileType = text.xcconfig; name = "Pods-PokemonTests.debug.xcconfig"; path = "Target Support Files/Pods-PokemonTests/Pods-PokemonTests.debug.xcconfig"; sourceTree = "<group>"; };
/* End PBXFileReference section */

/* Begin PBXFrameworksBuildPhase section */
		1814E2E928C33E70003E9783 /* Frameworks */ = {
			isa = PBXFrameworksBuildPhase;
			buildActionMask = 2147483647;
			files = (
				C73E96EF6C40CBCDDE3493C3 /* Pods_Pokemon.framework in Frameworks */,
			);
			runOnlyForDeploymentPostprocessing = 0;
		};
		1814E2FF28C33E76003E9783 /* Frameworks */ = {
			isa = PBXFrameworksBuildPhase;
			buildActionMask = 2147483647;
			files = (
				F073B0629D4E54ABAD3D32F1 /* Pods_PokemonTests.framework in Frameworks */,
			);
			runOnlyForDeploymentPostprocessing = 0;
		};
/* End PBXFrameworksBuildPhase section */

/* Begin PBXGroup section */
		180771C928C4A82800BB396C /* PokemonList */ = {
			isa = PBXGroup;
			children = (
				18404A9928C746BC006913F6 /* PokemonListCollectionViewCell */,
				180771CA28C4A82800BB396C /* PokemonListViewControllerTests.swift */,
				180771CC28C4A82800BB396C /* PokemonListInteractorTests.swift */,
				180771CB28C4A82800BB396C /* PokemonListPresenterTests.swift */,
			);
			path = PokemonList;
			sourceTree = "<group>";
		};
		1814E2E328C33E70003E9783 = {
			isa = PBXGroup;
			children = (
				1814E2EE28C33E70003E9783 /* Pokemon */,
				1814E30528C33E76003E9783 /* PokemonTests */,
				1814E2ED28C33E70003E9783 /* Products */,
				6063913381BFFD3945E538DD /* Pods */,
				75332179D41E3D602F84D04B /* Frameworks */,
			);
			sourceTree = "<group>";
		};
		1814E2ED28C33E70003E9783 /* Products */ = {
			isa = PBXGroup;
			children = (
				1814E2EC28C33E70003E9783 /* Pokemon.app */,
				1814E30228C33E76003E9783 /* PokemonTests.xctest */,
			);
			name = Products;
			sourceTree = "<group>";
		};
		1814E2EE28C33E70003E9783 /* Pokemon */ = {
			isa = PBXGroup;
			children = (
				1814E2EF28C33E70003E9783 /* AppDelegate.swift */,
				1814E2F128C33E70003E9783 /* SceneDelegate.swift */,
				1814E31F28C345B0003E9783 /* Scenes */,
				188101C628C353B000C5F661 /* NetworkManager */,
				188101CA28C357D400C5F661 /* Utilities */,
				1814E2F528C33E70003E9783 /* Main.storyboard */,
				1814E2F828C33E75003E9783 /* Assets.xcassets */,
				1814E2FA28C33E75003E9783 /* LaunchScreen.storyboard */,
				1814E2FD28C33E75003E9783 /* Info.plist */,
			);
			path = Pokemon;
			sourceTree = "<group>";
		};
		1814E30528C33E76003E9783 /* PokemonTests */ = {
			isa = PBXGroup;
			children = (
				180771C928C4A82800BB396C /* PokemonList */,
				18DA1C8928C5F9E4002906D8 /* PokemonDetails */,
			);
			path = PokemonTests;
			sourceTree = "<group>";
		};
		1814E31F28C345B0003E9783 /* Scenes */ = {
			isa = PBXGroup;
			children = (
				188101D328C35E9C00C5F661 /* PokemonList */,
				188101EA28C35FA300C5F661 /* PokemonDetails */,
			);
			path = Scenes;
			sourceTree = "<group>";
		};
		18404A9928C746BC006913F6 /* PokemonListCollectionViewCell */ = {
			isa = PBXGroup;
			children = (
				18404A9A28C746CE006913F6 /* PokemonListCollectionViewCellTests.swift */,
			);
			path = PokemonListCollectionViewCell;
			sourceTree = "<group>";
		};
		188101C628C353B000C5F661 /* NetworkManager */ = {
			isa = PBXGroup;
			children = (
				188101C728C3540300C5F661 /* NetworkHttpClient.swift */,
			);
			path = NetworkManager;
			sourceTree = "<group>";
		};
		188101CA28C357D400C5F661 /* Utilities */ = {
			isa = PBXGroup;
			children = (
				188101CB28C357F100C5F661 /* AlertViewController.swift */,
				188101CE28C3599400C5F661 /* CommonExtension.swift */,
			);
			path = Utilities;
			sourceTree = "<group>";
		};
		188101D328C35E9C00C5F661 /* PokemonList */ = {
			isa = PBXGroup;
			children = (
				188101D428C35E9C00C5F661 /* PokemonListCollectionViewCell */,
				188101DA28C35E9C00C5F661 /* PokemonListViewController.swift */,
				188101D628C35E9C00C5F661 /* PokemonListInteractor.swift */,
				188101D828C35E9C00C5F661 /* PokemonListPresenter.swift */,
				188101D728C35E9C00C5F661 /* PokemonListRouter.swift */,
				188101D928C35E9C00C5F661 /* PokemonListWorker.swift */,
				188101DB28C35E9C00C5F661 /* PokemonListModels.swift */,
			);
			path = PokemonList;
			sourceTree = "<group>";
		};
		188101D428C35E9C00C5F661 /* PokemonListCollectionViewCell */ = {
			isa = PBXGroup;
			children = (
				188101D528C35E9C00C5F661 /* PokemonListCollectionViewCell.swift */,
			);
			path = PokemonListCollectionViewCell;
			sourceTree = "<group>";
		};
		188101EA28C35FA300C5F661 /* PokemonDetails */ = {
			isa = PBXGroup;
			children = (
				188101EB28C35FA300C5F661 /* PokemonDetailsViewController.swift */,
				188101EC28C35FA300C5F661 /* PokemonDetailsInteractor.swift */,
				18DA1C9328C6059F002906D8 /* PokemonDetailsPresenter.swift */,
				18404A9728C74673006913F6 /* PokemonDetailsRouter.swift */,
			);
			path = PokemonDetails;
			sourceTree = "<group>";
		};
		18DA1C8928C5F9E4002906D8 /* PokemonDetails */ = {
			isa = PBXGroup;
			children = (
				18DA1C9628C60EA4002906D8 /* PokemonDetailsViewControllerTests.swift */,
				18DA1C9828C60EA4002906D8 /* PokemonDetailsInteractorTests.swift */,
				18DA1C9728C60EA4002906D8 /* PokemonDetailsPresenterTests.swift */,
			);
			path = PokemonDetails;
			sourceTree = "<group>";
		};
		6063913381BFFD3945E538DD /* Pods */ = {
			isa = PBXGroup;
			children = (
				672175C1EEC92EE675270761 /* Pods-Pokemon.debug.xcconfig */,
				AE3116C6B7FB1A47A968F448 /* Pods-Pokemon.release.xcconfig */,
				7384260CF19DD95354E771FC /* Pods-Pokemon-PokemonUITests.debug.xcconfig */,
				253D14C36725C478A365D06E /* Pods-Pokemon-PokemonUITests.release.xcconfig */,
				CF964211688FAB92127EA4F5 /* Pods-PokemonTests.debug.xcconfig */,
				9167B906239BA05786BF6A30 /* Pods-PokemonTests.release.xcconfig */,
			);
			path = Pods;
			sourceTree = "<group>";
		};
		75332179D41E3D602F84D04B /* Frameworks */ = {
			isa = PBXGroup;
			children = (
				A9CF6948EBC138A5CAAE8B76 /* Pods_Pokemon.framework */,
				1E2273E4790E2790327CFF6B /* Pods_Pokemon_PokemonUITests.framework */,
				8B4249CE27FA07BFA32C155F /* Pods_PokemonTests.framework */,
			);
			name = Frameworks;
			sourceTree = "<group>";
		};
/* End PBXGroup section */

/* Begin PBXNativeTarget section */
		1814E2EB28C33E70003E9783 /* Pokemon */ = {
			isa = PBXNativeTarget;
			buildConfigurationList = 1814E31628C33E76003E9783 /* Build configuration list for PBXNativeTarget "Pokemon" */;
			buildPhases = (
				9949578A0CD0EDF2194E0CAF /* [CP] Check Pods Manifest.lock */,
				1814E2E828C33E70003E9783 /* Sources */,
				1814E2E928C33E70003E9783 /* Frameworks */,
				1814E2EA28C33E70003E9783 /* Resources */,
				073FF50F82B120BA97602B23 /* [CP] Embed Pods Frameworks */,
			);
			buildRules = (
			);
			dependencies = (
			);
			name = Pokemon;
			productName = Pokemon;
			productReference = 1814E2EC28C33E70003E9783 /* Pokemon.app */;
			productType = "com.apple.product-type.application";
		};
		1814E30128C33E76003E9783 /* PokemonTests */ = {
			isa = PBXNativeTarget;
			buildConfigurationList = 1814E31928C33E76003E9783 /* Build configuration list for PBXNativeTarget "PokemonTests" */;
			buildPhases = (
				FE1C6B4EE30678389AD0566C /* [CP] Check Pods Manifest.lock */,
				1814E2FE28C33E76003E9783 /* Sources */,
				1814E2FF28C33E76003E9783 /* Frameworks */,
				1814E30028C33E76003E9783 /* Resources */,
			);
			buildRules = (
			);
			dependencies = (
				1814E30428C33E76003E9783 /* PBXTargetDependency */,
			);
			name = PokemonTests;
			productName = PokemonTests;
			productReference = 1814E30228C33E76003E9783 /* PokemonTests.xctest */;
			productType = "com.apple.product-type.bundle.unit-test";
		};
/* End PBXNativeTarget section */

/* Begin PBXProject section */
		1814E2E428C33E70003E9783 /* Project object */ = {
			isa = PBXProject;
			attributes = {
				BuildIndependentTargetsInParallel = 1;
				LastSwiftUpdateCheck = 1300;
				LastUpgradeCheck = 1300;
				TargetAttributes = {
					1814E2EB28C33E70003E9783 = {
						CreatedOnToolsVersion = 13.0;
					};
					1814E30128C33E76003E9783 = {
						CreatedOnToolsVersion = 13.0;
						TestTargetID = 1814E2EB28C33E70003E9783;
					};
				};
			};
			buildConfigurationList = 1814E2E728C33E70003E9783 /* Build configuration list for PBXProject "Pokemon" */;
			compatibilityVersion = "Xcode 13.0";
			developmentRegion = en;
			hasScannedForEncodings = 0;
			knownRegions = (
				en,
				Base,
			);
			mainGroup = 1814E2E328C33E70003E9783;
			productRefGroup = 1814E2ED28C33E70003E9783 /* Products */;
			projectDirPath = "";
			projectRoot = "";
			targets = (
				1814E2EB28C33E70003E9783 /* Pokemon */,
				1814E30128C33E76003E9783 /* PokemonTests */,
			);
		};
/* End PBXProject section */

/* Begin PBXResourcesBuildPhase section */
		1814E2EA28C33E70003E9783 /* Resources */ = {
			isa = PBXResourcesBuildPhase;
			buildActionMask = 2147483647;
			files = (
				1814E2FC28C33E75003E9783 /* LaunchScreen.storyboard in Resources */,
				1814E2F928C33E75003E9783 /* Assets.xcassets in Resources */,
				1814E2F728C33E70003E9783 /* Main.storyboard in Resources */,
			);
			runOnlyForDeploymentPostprocessing = 0;
		};
		1814E30028C33E76003E9783 /* Resources */ = {
			isa = PBXResourcesBuildPhase;
			buildActionMask = 2147483647;
			files = (
				18DA1C8828C5CFAA002906D8 /* Main.storyboard in Resources */,
			);
			runOnlyForDeploymentPostprocessing = 0;
		};
/* End PBXResourcesBuildPhase section */

/* Begin PBXShellScriptBuildPhase section */
		073FF50F82B120BA97602B23 /* [CP] Embed Pods Frameworks */ = {
			isa = PBXShellScriptBuildPhase;
			buildActionMask = 2147483647;
			files = (
			);
			inputFileListPaths = (
				"${PODS_ROOT}/Target Support Files/Pods-Pokemon/Pods-Pokemon-frameworks-${CONFIGURATION}-input-files.xcfilelist",
			);
			name = "[CP] Embed Pods Frameworks";
			outputFileListPaths = (
				"${PODS_ROOT}/Target Support Files/Pods-Pokemon/Pods-Pokemon-frameworks-${CONFIGURATION}-output-files.xcfilelist",
			);
			runOnlyForDeploymentPostprocessing = 0;
			shellPath = /bin/sh;
			shellScript = "\"${PODS_ROOT}/Target Support Files/Pods-Pokemon/Pods-Pokemon-frameworks.sh\"\n";
			showEnvVarsInLog = 0;
		};
		9949578A0CD0EDF2194E0CAF /* [CP] Check Pods Manifest.lock */ = {
			isa = PBXShellScriptBuildPhase;
			buildActionMask = 2147483647;
			files = (
			);
			inputFileListPaths = (
			);
			inputPaths = (
				"${PODS_PODFILE_DIR_PATH}/Podfile.lock",
				"${PODS_ROOT}/Manifest.lock",
			);
			name = "[CP] Check Pods Manifest.lock";
			outputFileListPaths = (
			);
			outputPaths = (
				"$(DERIVED_FILE_DIR)/Pods-Pokemon-checkManifestLockResult.txt",
			);
			runOnlyForDeploymentPostprocessing = 0;
			shellPath = /bin/sh;
			shellScript = "diff \"${PODS_PODFILE_DIR_PATH}/Podfile.lock\" \"${PODS_ROOT}/Manifest.lock\" > /dev/null\nif [ $? != 0 ] ; then\n    # print error to STDERR\n    echo \"error: The sandbox is not in sync with the Podfile.lock. Run 'pod install' or update your CocoaPods installation.\" >&2\n    exit 1\nfi\n# This output is used by Xcode 'outputs' to avoid re-running this script phase.\necho \"SUCCESS\" > \"${SCRIPT_OUTPUT_FILE_0}\"\n";
			showEnvVarsInLog = 0;
		};
		FE1C6B4EE30678389AD0566C /* [CP] Check Pods Manifest.lock */ = {
			isa = PBXShellScriptBuildPhase;
			buildActionMask = 2147483647;
			files = (
			);
			inputFileListPaths = (
			);
			inputPaths = (
				"${PODS_PODFILE_DIR_PATH}/Podfile.lock",
				"${PODS_ROOT}/Manifest.lock",
			);
			name = "[CP] Check Pods Manifest.lock";
			outputFileListPaths = (
			);
			outputPaths = (
				"$(DERIVED_FILE_DIR)/Pods-PokemonTests-checkManifestLockResult.txt",
			);
			runOnlyForDeploymentPostprocessing = 0;
			shellPath = /bin/sh;
			shellScript = "diff \"${PODS_PODFILE_DIR_PATH}/Podfile.lock\" \"${PODS_ROOT}/Manifest.lock\" > /dev/null\nif [ $? != 0 ] ; then\n    # print error to STDERR\n    echo \"error: The sandbox is not in sync with the Podfile.lock. Run 'pod install' or update your CocoaPods installation.\" >&2\n    exit 1\nfi\n# This output is used by Xcode 'outputs' to avoid re-running this script phase.\necho \"SUCCESS\" > \"${SCRIPT_OUTPUT_FILE_0}\"\n";
			showEnvVarsInLog = 0;
		};
/* End PBXShellScriptBuildPhase section */

/* Begin PBXSourcesBuildPhase section */
		1814E2E828C33E70003E9783 /* Sources */ = {
			isa = PBXSourcesBuildPhase;
			buildActionMask = 2147483647;
			files = (
				188101E028C35E9C00C5F661 /* PokemonListRouter.swift in Sources */,
				188101DC28C35E9C00C5F661 /* PokemonListCollectionViewCell.swift in Sources */,
				1814E2F028C33E70003E9783 /* AppDelegate.swift in Sources */,
				188101EE28C35FA300C5F661 /* PokemonDetailsViewController.swift in Sources */,
				1814E2F228C33E70003E9783 /* SceneDelegate.swift in Sources */,
				18404A9828C74673006913F6 /* PokemonDetailsRouter.swift in Sources */,
				188101CC28C357F100C5F661 /* AlertViewController.swift in Sources */,
				188101CF28C3599400C5F661 /* CommonExtension.swift in Sources */,
				188101F028C35FA300C5F661 /* PokemonDetailsInteractor.swift in Sources */,
				188101E228C35E9C00C5F661 /* PokemonListPresenter.swift in Sources */,
				188101C828C3540300C5F661 /* NetworkHttpClient.swift in Sources */,
				188101DE28C35E9C00C5F661 /* PokemonListInteractor.swift in Sources */,
				188101E428C35E9C00C5F661 /* PokemonListWorker.swift in Sources */,
				188101E628C35E9C00C5F661 /* PokemonListViewController.swift in Sources */,
				188101E828C35E9C00C5F661 /* PokemonListModels.swift in Sources */,
				18DA1C9428C6059F002906D8 /* PokemonDetailsPresenter.swift in Sources */,
			);
			runOnlyForDeploymentPostprocessing = 0;
		};
		1814E2FE28C33E76003E9783 /* Sources */ = {
			isa = PBXSourcesBuildPhase;
			buildActionMask = 2147483647;
			files = (
				188101E528C35E9C00C5F661 /* PokemonListWorker.swift in Sources */,
				180771CF28C4A82800BB396C /* PokemonListInteractorTests.swift in Sources */,
				18404A9B28C746CE006913F6 /* PokemonListCollectionViewCellTests.swift in Sources */,
				18DA1C9E28C60EA5002906D8 /* PokemonDetailsInteractorTests.swift in Sources */,
				18DA1C9A28C60EA5002906D8 /* PokemonDetailsViewControllerTests.swift in Sources */,
				188101E128C35E9C00C5F661 /* PokemonListRouter.swift in Sources */,
				188101DF28C35E9C00C5F661 /* PokemonListInteractor.swift in Sources */,
				188101E328C35E9C00C5F661 /* PokemonListPresenter.swift in Sources */,
				188101E928C35E9C00C5F661 /* PokemonListModels.swift in Sources */,
				180771CD28C4A82800BB396C /* PokemonListViewControllerTests.swift in Sources */,
				188101CD28C357F100C5F661 /* AlertViewController.swift in Sources */,
				188101DD28C35E9C00C5F661 /* PokemonListCollectionViewCell.swift in Sources */,
				18DA1C9528C605A0002906D8 /* PokemonDetailsPresenter.swift in Sources */,
				180771CE28C4A82800BB396C /* PokemonListPresenterTests.swift in Sources */,
				18404A9C28C74DE8006913F6 /* PokemonDetailsRouter.swift in Sources */,
				188101D028C3599400C5F661 /* CommonExtension.swift in Sources */,
				188101E728C35E9C00C5F661 /* PokemonListViewController.swift in Sources */,
				18DA1C9C28C60EA5002906D8 /* PokemonDetailsPresenterTests.swift in Sources */,
				188101F128C35FA300C5F661 /* PokemonDetailsInteractor.swift in Sources */,
				188101C928C3540300C5F661 /* NetworkHttpClient.swift in Sources */,
				188101EF28C35FA300C5F661 /* PokemonDetailsViewController.swift in Sources */,
			);
			runOnlyForDeploymentPostprocessing = 0;
		};
/* End PBXSourcesBuildPhase section */

/* Begin PBXTargetDependency section */
		1814E30428C33E76003E9783 /* PBXTargetDependency */ = {
			isa = PBXTargetDependency;
			target = 1814E2EB28C33E70003E9783 /* Pokemon */;
			targetProxy = 1814E30328C33E76003E9783 /* PBXContainerItemProxy */;
		};
/* End PBXTargetDependency section */

/* Begin PBXVariantGroup section */
		1814E2F528C33E70003E9783 /* Main.storyboard */ = {
			isa = PBXVariantGroup;
			children = (
				1814E2F628C33E70003E9783 /* Base */,
			);
			name = Main.storyboard;
			sourceTree = "<group>";
		};
		1814E2FA28C33E75003E9783 /* LaunchScreen.storyboard */ = {
			isa = PBXVariantGroup;
			children = (
				1814E2FB28C33E75003E9783 /* Base */,
			);
			name = LaunchScreen.storyboard;
			sourceTree = "<group>";
		};
/* End PBXVariantGroup section */

/* Begin XCBuildConfiguration section */
		1814E31428C33E76003E9783 /* Debug */ = {
			isa = XCBuildConfiguration;
			buildSettings = {
				ALWAYS_SEARCH_USER_PATHS = NO;
				CLANG_ANALYZER_NONNULL = YES;
				CLANG_ANALYZER_NUMBER_OBJECT_CONVERSION = YES_AGGRESSIVE;
				CLANG_CXX_LANGUAGE_STANDARD = "gnu++17";
				CLANG_CXX_LIBRARY = "libc++";
				CLANG_ENABLE_MODULES = YES;
				CLANG_ENABLE_OBJC_ARC = YES;
				CLANG_ENABLE_OBJC_WEAK = YES;
				CLANG_WARN_BLOCK_CAPTURE_AUTORELEASING = YES;
				CLANG_WARN_BOOL_CONVERSION = YES;
				CLANG_WARN_COMMA = YES;
				CLANG_WARN_CONSTANT_CONVERSION = YES;
				CLANG_WARN_DEPRECATED_OBJC_IMPLEMENTATIONS = YES;
				CLANG_WARN_DIRECT_OBJC_ISA_USAGE = YES_ERROR;
				CLANG_WARN_DOCUMENTATION_COMMENTS = YES;
				CLANG_WARN_EMPTY_BODY = YES;
				CLANG_WARN_ENUM_CONVERSION = YES;
				CLANG_WARN_INFINITE_RECURSION = YES;
				CLANG_WARN_INT_CONVERSION = YES;
				CLANG_WARN_NON_LITERAL_NULL_CONVERSION = YES;
				CLANG_WARN_OBJC_IMPLICIT_RETAIN_SELF = YES;
				CLANG_WARN_OBJC_LITERAL_CONVERSION = YES;
				CLANG_WARN_OBJC_ROOT_CLASS = YES_ERROR;
				CLANG_WARN_QUOTED_INCLUDE_IN_FRAMEWORK_HEADER = YES;
				CLANG_WARN_RANGE_LOOP_ANALYSIS = YES;
				CLANG_WARN_STRICT_PROTOTYPES = YES;
				CLANG_WARN_SUSPICIOUS_MOVE = YES;
				CLANG_WARN_UNGUARDED_AVAILABILITY = YES_AGGRESSIVE;
				CLANG_WARN_UNREACHABLE_CODE = YES;
				CLANG_WARN__DUPLICATE_METHOD_MATCH = YES;
				COPY_PHASE_STRIP = NO;
				DEBUG_INFORMATION_FORMAT = dwarf;
				ENABLE_STRICT_OBJC_MSGSEND = YES;
				ENABLE_TESTABILITY = YES;
				GCC_C_LANGUAGE_STANDARD = gnu11;
				GCC_DYNAMIC_NO_PIC = NO;
				GCC_NO_COMMON_BLOCKS = YES;
				GCC_OPTIMIZATION_LEVEL = 0;
				GCC_PREPROCESSOR_DEFINITIONS = (
					"DEBUG=1",
					"$(inherited)",
				);
				GCC_WARN_64_TO_32_BIT_CONVERSION = YES;
				GCC_WARN_ABOUT_RETURN_TYPE = YES_ERROR;
				GCC_WARN_UNDECLARED_SELECTOR = YES;
				GCC_WARN_UNINITIALIZED_AUTOS = YES_AGGRESSIVE;
				GCC_WARN_UNUSED_FUNCTION = YES;
				GCC_WARN_UNUSED_VARIABLE = YES;
				IPHONEOS_DEPLOYMENT_TARGET = 15.0;
				MTL_ENABLE_DEBUG_INFO = INCLUDE_SOURCE;
				MTL_FAST_MATH = YES;
				ONLY_ACTIVE_ARCH = YES;
				SDKROOT = iphoneos;
				SWIFT_ACTIVE_COMPILATION_CONDITIONS = DEBUG;
				SWIFT_OPTIMIZATION_LEVEL = "-Onone";
			};
			name = Debug;
		};
		1814E31528C33E76003E9783 /* Release */ = {
			isa = XCBuildConfiguration;
			buildSettings = {
				ALWAYS_SEARCH_USER_PATHS = NO;
				CLANG_ANALYZER_NONNULL = YES;
				CLANG_ANALYZER_NUMBER_OBJECT_CONVERSION = YES_AGGRESSIVE;
				CLANG_CXX_LANGUAGE_STANDARD = "gnu++17";
				CLANG_CXX_LIBRARY = "libc++";
				CLANG_ENABLE_MODULES = YES;
				CLANG_ENABLE_OBJC_ARC = YES;
				CLANG_ENABLE_OBJC_WEAK = YES;
				CLANG_WARN_BLOCK_CAPTURE_AUTORELEASING = YES;
				CLANG_WARN_BOOL_CONVERSION = YES;
				CLANG_WARN_COMMA = YES;
				CLANG_WARN_CONSTANT_CONVERSION = YES;
				CLANG_WARN_DEPRECATED_OBJC_IMPLEMENTATIONS = YES;
				CLANG_WARN_DIRECT_OBJC_ISA_USAGE = YES_ERROR;
				CLANG_WARN_DOCUMENTATION_COMMENTS = YES;
				CLANG_WARN_EMPTY_BODY = YES;
				CLANG_WARN_ENUM_CONVERSION = YES;
				CLANG_WARN_INFINITE_RECURSION = YES;
				CLANG_WARN_INT_CONVERSION = YES;
				CLANG_WARN_NON_LITERAL_NULL_CONVERSION = YES;
				CLANG_WARN_OBJC_IMPLICIT_RETAIN_SELF = YES;
				CLANG_WARN_OBJC_LITERAL_CONVERSION = YES;
				CLANG_WARN_OBJC_ROOT_CLASS = YES_ERROR;
				CLANG_WARN_QUOTED_INCLUDE_IN_FRAMEWORK_HEADER = YES;
				CLANG_WARN_RANGE_LOOP_ANALYSIS = YES;
				CLANG_WARN_STRICT_PROTOTYPES = YES;
				CLANG_WARN_SUSPICIOUS_MOVE = YES;
				CLANG_WARN_UNGUARDED_AVAILABILITY = YES_AGGRESSIVE;
				CLANG_WARN_UNREACHABLE_CODE = YES;
				CLANG_WARN__DUPLICATE_METHOD_MATCH = YES;
				COPY_PHASE_STRIP = NO;
				DEBUG_INFORMATION_FORMAT = "dwarf-with-dsym";
				ENABLE_NS_ASSERTIONS = NO;
				ENABLE_STRICT_OBJC_MSGSEND = YES;
				GCC_C_LANGUAGE_STANDARD = gnu11;
				GCC_NO_COMMON_BLOCKS = YES;
				GCC_WARN_64_TO_32_BIT_CONVERSION = YES;
				GCC_WARN_ABOUT_RETURN_TYPE = YES_ERROR;
				GCC_WARN_UNDECLARED_SELECTOR = YES;
				GCC_WARN_UNINITIALIZED_AUTOS = YES_AGGRESSIVE;
				GCC_WARN_UNUSED_FUNCTION = YES;
				GCC_WARN_UNUSED_VARIABLE = YES;
				IPHONEOS_DEPLOYMENT_TARGET = 15.0;
				MTL_ENABLE_DEBUG_INFO = NO;
				MTL_FAST_MATH = YES;
				SDKROOT = iphoneos;
				SWIFT_COMPILATION_MODE = wholemodule;
				SWIFT_OPTIMIZATION_LEVEL = "-O";
				VALIDATE_PRODUCT = YES;
			};
			name = Release;
		};
		1814E31728C33E76003E9783 /* Debug */ = {
			isa = XCBuildConfiguration;
			baseConfigurationReference = 672175C1EEC92EE675270761 /* Pods-Pokemon.debug.xcconfig */;
			buildSettings = {
				ASSETCATALOG_COMPILER_APPICON_NAME = AppIcon;
				ASSETCATALOG_COMPILER_GLOBAL_ACCENT_COLOR_NAME = AccentColor;
				CODE_SIGN_IDENTITY = "Apple Development";
				CODE_SIGN_STYLE = Automatic;
				CURRENT_PROJECT_VERSION = 1;
				DEVELOPMENT_TEAM = "";
				GENERATE_INFOPLIST_FILE = YES;
				INFOPLIST_FILE = Pokemon/Info.plist;
				INFOPLIST_KEY_UIApplicationSupportsIndirectInputEvents = YES;
				INFOPLIST_KEY_UILaunchStoryboardName = LaunchScreen;
				INFOPLIST_KEY_UIMainStoryboardFile = Main;
				INFOPLIST_KEY_UISupportedInterfaceOrientations_iPad = "UIInterfaceOrientationPortrait UIInterfaceOrientationPortraitUpsideDown UIInterfaceOrientationLandscapeLeft UIInterfaceOrientationLandscapeRight";
				INFOPLIST_KEY_UISupportedInterfaceOrientations_iPhone = "UIInterfaceOrientationPortrait UIInterfaceOrientationLandscapeLeft UIInterfaceOrientationLandscapeRight";
				LD_RUNPATH_SEARCH_PATHS = (
					"$(inherited)",
					"@executable_path/Frameworks",
				);
				MARKETING_VERSION = 1.0;
				PRODUCT_BUNDLE_IDENTIFIER = apple.Pokemon;
				PRODUCT_NAME = "$(TARGET_NAME)";
				PROVISIONING_PROFILE_SPECIFIER = "";
				SWIFT_EMIT_LOC_STRINGS = YES;
				SWIFT_VERSION = 5.0;
				TARGETED_DEVICE_FAMILY = "1,2";
			};
			name = Debug;
		};
		1814E31828C33E76003E9783 /* Release */ = {
			isa = XCBuildConfiguration;
			baseConfigurationReference = AE3116C6B7FB1A47A968F448 /* Pods-Pokemon.release.xcconfig */;
			buildSettings = {
				ASSETCATALOG_COMPILER_APPICON_NAME = AppIcon;
				ASSETCATALOG_COMPILER_GLOBAL_ACCENT_COLOR_NAME = AccentColor;
				CODE_SIGN_IDENTITY = "Apple Development";
				CODE_SIGN_STYLE = Automatic;
				CURRENT_PROJECT_VERSION = 1;
				DEVELOPMENT_TEAM = "";
				GENERATE_INFOPLIST_FILE = YES;
				INFOPLIST_FILE = Pokemon/Info.plist;
				INFOPLIST_KEY_UIApplicationSupportsIndirectInputEvents = YES;
				INFOPLIST_KEY_UILaunchStoryboardName = LaunchScreen;
				INFOPLIST_KEY_UIMainStoryboardFile = Main;
				INFOPLIST_KEY_UISupportedInterfaceOrientations_iPad = "UIInterfaceOrientationPortrait UIInterfaceOrientationPortraitUpsideDown UIInterfaceOrientationLandscapeLeft UIInterfaceOrientationLandscapeRight";
				INFOPLIST_KEY_UISupportedInterfaceOrientations_iPhone = "UIInterfaceOrientationPortrait UIInterfaceOrientationLandscapeLeft UIInterfaceOrientationLandscapeRight";
				LD_RUNPATH_SEARCH_PATHS = (
					"$(inherited)",
					"@executable_path/Frameworks",
				);
				MARKETING_VERSION = 1.0;
				PRODUCT_BUNDLE_IDENTIFIER = apple.Pokemon;
				PRODUCT_NAME = "$(TARGET_NAME)";
				PROVISIONING_PROFILE_SPECIFIER = "";
				SWIFT_EMIT_LOC_STRINGS = YES;
				SWIFT_VERSION = 5.0;
				TARGETED_DEVICE_FAMILY = "1,2";
			};
			name = Release;
		};
		1814E31A28C33E76003E9783 /* Debug */ = {
			isa = XCBuildConfiguration;
			baseConfigurationReference = CF964211688FAB92127EA4F5 /* Pods-PokemonTests.debug.xcconfig */;
			buildSettings = {
				ALWAYS_EMBED_SWIFT_STANDARD_LIBRARIES = YES;
				BUNDLE_LOADER = "$(TEST_HOST)";
				CODE_SIGN_STYLE = Automatic;
				CURRENT_PROJECT_VERSION = 1;
				GENERATE_INFOPLIST_FILE = YES;
				IPHONEOS_DEPLOYMENT_TARGET = 15.0;
				LD_RUNPATH_SEARCH_PATHS = (
					"$(inherited)",
					"@executable_path/Frameworks",
					"@loader_path/Frameworks",
				);
				MARKETING_VERSION = 1.0;
				PRODUCT_BUNDLE_IDENTIFIER = apple.PokemonTests;
				PRODUCT_NAME = "$(TARGET_NAME)";
				SWIFT_EMIT_LOC_STRINGS = NO;
				SWIFT_VERSION = 5.0;
				TARGETED_DEVICE_FAMILY = "1,2";
				TEST_HOST = "$(BUILT_PRODUCTS_DIR)/Pokemon.app/Pokemon";
			};
			name = Debug;
		};
		1814E31B28C33E76003E9783 /* Release */ = {
			isa = XCBuildConfiguration;
			baseConfigurationReference = 9167B906239BA05786BF6A30 /* Pods-PokemonTests.release.xcconfig */;
			buildSettings = {
				ALWAYS_EMBED_SWIFT_STANDARD_LIBRARIES = YES;
				BUNDLE_LOADER = "$(TEST_HOST)";
				CODE_SIGN_STYLE = Automatic;
				CURRENT_PROJECT_VERSION = 1;
				GENERATE_INFOPLIST_FILE = YES;
				IPHONEOS_DEPLOYMENT_TARGET = 15.0;
				LD_RUNPATH_SEARCH_PATHS = (
					"$(inherited)",
					"@executable_path/Frameworks",
					"@loader_path/Frameworks",
				);
				MARKETING_VERSION = 1.0;
				PRODUCT_BUNDLE_IDENTIFIER = apple.PokemonTests;
				PRODUCT_NAME = "$(TARGET_NAME)";
				SWIFT_EMIT_LOC_STRINGS = NO;
				SWIFT_VERSION = 5.0;
				TARGETED_DEVICE_FAMILY = "1,2";
				TEST_HOST = "$(BUILT_PRODUCTS_DIR)/Pokemon.app/Pokemon";
			};
			name = Release;
		};
/* End XCBuildConfiguration section */

/* Begin XCConfigurationList section */
		1814E2E728C33E70003E9783 /* Build configuration list for PBXProject "Pokemon" */ = {
			isa = XCConfigurationList;
			buildConfigurations = (
				1814E31428C33E76003E9783 /* Debug */,
				1814E31528C33E76003E9783 /* Release */,
			);
			defaultConfigurationIsVisible = 0;
			defaultConfigurationName = Release;
		};
		1814E31628C33E76003E9783 /* Build configuration list for PBXNativeTarget "Pokemon" */ = {
			isa = XCConfigurationList;
			buildConfigurations = (
				1814E31728C33E76003E9783 /* Debug */,
				1814E31828C33E76003E9783 /* Release */,
			);
			defaultConfigurationIsVisible = 0;
			defaultConfigurationName = Release;
		};
		1814E31928C33E76003E9783 /* Build configuration list for PBXNativeTarget "PokemonTests" */ = {
			isa = XCConfigurationList;
			buildConfigurations = (
				1814E31A28C33E76003E9783 /* Debug */,
				1814E31B28C33E76003E9783 /* Release */,
			);
			defaultConfigurationIsVisible = 0;
			defaultConfigurationName = Release;
		};
/* End XCConfigurationList section */
	};
	rootObject = 1814E2E428C33E70003E9783 /* Project object */;
}
